
Microsoft Visual Studio Solution File, Format Version 12.00
# Visual Studio Version 17
VisualStudioVersion = 17.0.31903.59
MinimumVisualStudioVersion = 10.0.40219.1
Project("{FAE04EC0-301F-11D3-BF4B-00C04F79EFBC}") = "BuberBreakfast.Contracts", "BuberBreakfast.Contracts\BuberBreakfast.Contracts.csproj", "{F11F10E4-AF4B-49C1-B3FE-78569154A60D}"
EndProject
Project("{FAE04EC0-301F-11D3-BF4B-00C04F79EFBC}") = "BuberBreakfast", "BuberBreakfast\BuberBreakfast.csproj", "{3BD7AD8E-EED7-4D5A-9F9E-C80C811C0061}"
EndProject
Global
	GlobalSection(SolutionConfigurationPlatforms) = preSolution
		Debug|Any CPU = Debug|Any CPU
		Release|Any CPU = Release|Any CPU
	EndGlobalSection
	GlobalSection(SolutionProperties) = preSolution
		HideSolutionNode = FALSE
	EndGlobalSection
	GlobalSection(ProjectConfigurationPlatforms) = postSolution
		{F11F10E4-AF4B-49C1-B3FE-78569154A60D}.Debug|Any CPU.ActiveCfg = Debug|Any CPU
		{F11F10E4-AF4B-49C1-B3FE-78569154A60D}.Debug|Any CPU.Build.0 = Debug|Any CPU
		{F11F10E4-AF4B-49C1-B3FE-78569154A60D}.Release|Any CPU.ActiveCfg = Release|Any CPU
		{F11F10E4-AF4B-49C1-B3FE-78569154A60D}.Release|Any CPU.Build.0 = Release|Any CPU
		{3BD7AD8E-EED7-4D5A-9F9E-C80C811C0061}.Debug|Any CPU.ActiveCfg = Debug|Any CPU
		{3BD7AD8E-EED7-4D5A-9F9E-C80C811C0061}.Debug|Any CPU.Build.0 = Debug|Any CPU
		{3BD7AD8E-EED7-4D5A-9F9E-C80C811C0061}.Release|Any CPU.ActiveCfg = Release|Any CPU
		{3BD7AD8E-EED7-4D5A-9F9E-C80C811C0061}.Release|Any CPU.Build.0 = Release|Any CPU
	EndGlobalSection
EndGlobal
